
Microsoft Visual Studio Solution File, Format Version 12.00
# Visual Studio Version 17
VisualStudioVersion = 17.0.31912.275
MinimumVisualStudioVersion = 10.0.40219.1
Project("{FAE04EC0-301F-11D3-BF4B-00C04F79EFBC}") = "ProjectReact", "ProjectReact\ProjectReact.csproj", "{AB21CF35-2296-4F9A-97C4-DC4A6B635ADD}"
EndProject
Global
	GlobalSection(SolutionConfigurationPlatforms) = preSolution
		Debug|Any CPU = Debug|Any CPU
		Release|Any CPU = Release|Any CPU
	EndGlobalSection
	GlobalSection(ProjectConfigurationPlatforms) = postSolution
		{AB21CF35-2296-4F9A-97C4-DC4A6B635ADD}.Debug|Any CPU.ActiveCfg = Debug|Any CPU
		{AB21CF35-2296-4F9A-97C4-DC4A6B635ADD}.Debug|Any CPU.Build.0 = Debug|Any CPU
		{AB21CF35-2296-4F9A-97C4-DC4A6B635ADD}.Release|Any CPU.ActiveCfg = Release|Any CPU
		{AB21CF35-2296-4F9A-97C4-DC4A6B635ADD}.Release|Any CPU.Build.0 = Release|Any CPU
	EndGlobalSection
	GlobalSection(SolutionProperties) = preSolution
		HideSolutionNode = FALSE
	EndGlobalSection
	GlobalSection(ExtensibilityGlobals) = postSolution
		SolutionGuid = {42C7B58D-DEF4-4B88-86AC-8A1CDC3EEFB5}
	EndGlobalSection
EndGlobal
